{
    "_meta": {
        "hash": {
            "sha256": "04dcbce98e7993989bae26ba3d0f0c3c954126a7b4697f9548f72851bcf4c11b"
        },
        "pipfile-spec": 6,
        "requires": {
            "python_version": "3.6"
        },
        "sources": [
            {
                "name": "pypi",
                "url": "https://pypi.org/simple",
                "verify_ssl": true
            }
        ]
    },
    "default": {},
    "develop": {}
}
